
Microsoft Visual Studio Solution File, Format Version 12.00
# Visual Studio Version 16
VisualStudioVersion = 16.0.31613.86
MinimumVisualStudioVersion = 10.0.40219.1
Project("{FAE04EC0-301F-11D3-BF4B-00C04F79EFBC}") = "FileIO", "FileIO\FileIO.csproj", "{9FAE83CD-AA5F-415C-9FC6-7CA8CE7D3D50}"
EndProject
Global
	GlobalSection(SolutionConfigurationPlatforms) = preSolution
		Debug|Any CPU = Debug|Any CPU
		Release|Any CPU = Release|Any CPU
	EndGlobalSection
	GlobalSection(ProjectConfigurationPlatforms) = postSolution
		{9FAE83CD-AA5F-415C-9FC6-7CA8CE7D3D50}.Debug|Any CPU.ActiveCfg = Debug|Any CPU
		{9FAE83CD-AA5F-415C-9FC6-7CA8CE7D3D50}.Debug|Any CPU.Build.0 = Debug|Any CPU
		{9FAE83CD-AA5F-415C-9FC6-7CA8CE7D3D50}.Release|Any CPU.ActiveCfg = Release|Any CPU
		{9FAE83CD-AA5F-415C-9FC6-7CA8CE7D3D50}.Release|Any CPU.Build.0 = Release|Any CPU
	EndGlobalSection
	GlobalSection(SolutionProperties) = preSolution
		HideSolutionNode = FALSE
	EndGlobalSection
	GlobalSection(ExtensibilityGlobals) = postSolution
		SolutionGuid = {B603BE54-1D65-4FC3-910B-C4BC2500723A}
	EndGlobalSection
EndGlobal
